// !$*UTF8*$!
{
	archiveVersion = 1;
	classes = {
	};
	objectVersion = 50;
	objects = {

/* Begin PBXBuildFile section */
		56DD83D425B134DE003B4984 /* AppDelegate.swift in Sources */ = {isa = PBXBuildFile; fileRef = 56DD83D325B134DE003B4984 /* AppDelegate.swift */; };
		56DD83D625B134DE003B4984 /* SceneDelegate.swift in Sources */ = {isa = PBXBuildFile; fileRef = 56DD83D525B134DE003B4984 /* SceneDelegate.swift */; };
		56DD83D825B134DE003B4984 /* ViewController.swift in Sources */ = {isa = PBXBuildFile; fileRef = 56DD83D725B134DE003B4984 /* ViewController.swift */; };
		56DD83DB25B134DE003B4984 /* Main.storyboard in Resources */ = {isa = PBXBuildFile; fileRef = 56DD83D925B134DE003B4984 /* Main.storyboard */; };
		56DD83DD25B134E1003B4984 /* Assets.xcassets in Resources */ = {isa = PBXBuildFile; fileRef = 56DD83DC25B134E1003B4984 /* Assets.xcassets */; };
		56DD83E025B134E1003B4984 /* LaunchScreen.storyboard in Resources */ = {isa = PBXBuildFile; fileRef = 56DD83DE25B134E1003B4984 /* LaunchScreen.storyboard */; };
		56DD83EB25B134E1003B4984 /* CodePath_pre_work_CalTests.swift in Sources */ = {isa = PBXBuildFile; fileRef = 56DD83EA25B134E1003B4984 /* CodePath_pre_work_CalTests.swift */; };
		56DD83F625B134E1003B4984 /* CodePath_pre_work_CalUITests.swift in Sources */ = {isa = PBXBuildFile; fileRef = 56DD83F525B134E1003B4984 /* CodePath_pre_work_CalUITests.swift */; };
/* End PBXBuildFile section */

/* Begin PBXContainerItemProxy section */
		56DD83E725B134E1003B4984 /* PBXContainerItemProxy */ = {
			isa = PBXContainerItemProxy;
			containerPortal = 56DD83C825B134DE003B4984 /* Project object */;
			proxyType = 1;
			remoteGlobalIDString = 56DD83CF25B134DE003B4984;
			remoteInfo = "CodePath pre-work Cal";
		};
		56DD83F225B134E1003B4984 /* PBXContainerItemProxy */ = {
			isa = PBXContainerItemProxy;
			containerPortal = 56DD83C825B134DE003B4984 /* Project object */;
			proxyType = 1;
			remoteGlobalIDString = 56DD83CF25B134DE003B4984;
			remoteInfo = "CodePath pre-work Cal";
		};
/* End PBXContainerItemProxy section */

/* Begin PBXFileReference section */
		56DD83D025B134DE003B4984 /* CodePath pre-work Cal.app */ = {isa = PBXFileReference; explicitFileType = wrapper.application; includeInIndex = 0; path = "CodePath pre-work Cal.app"; sourceTree = BUILT_PRODUCTS_DIR; };
		56DD83D325B134DE003B4984 /* AppDelegate.swift */ = {isa = PBXFileReference; lastKnownFileType = sourcecode.swift; path = AppDelegate.swift; sourceTree = "<group>"; };
		56DD83D525B134DE003B4984 /* SceneDelegate.swift */ = {isa = PBXFileReference; lastKnownFileType = sourcecode.swift; path = SceneDelegate.swift; sourceTree = "<group>"; };
		56DD83D725B134DE003B4984 /* ViewController.swift */ = {isa = PBXFileReference; lastKnownFileType = sourcecode.swift; path = ViewController.swift; sourceTree = "<group>"; };
		56DD83DA25B134DE003B4984 /* Base */ = {isa = PBXFileReference; lastKnownFileType = file.storyboard; name = Base; path = Base.lproj/Main.storyboard; sourceTree = "<group>"; };
		56DD83DC25B134E1003B4984 /* Assets.xcassets */ = {isa = PBXFileReference; lastKnownFileType = folder.assetcatalog; path = Assets.xcassets; sourceTree = "<group>"; };
		56DD83DF25B134E1003B4984 /* Base */ = {isa = PBXFileReference; lastKnownFileType = file.storyboard; name = Base; path = Base.lproj/LaunchScreen.storyboard; sourceTree = "<group>"; };
		56DD83E125B134E1003B4984 /* Info.plist */ = {isa = PBXFileReference; lastKnownFileType = text.plist.xml; path = Info.plist; sourceTree = "<group>"; };
		56DD83E625B134E1003B4984 /* CodePath pre-work CalTests.xctest */ = {isa = PBXFileReference; explicitFileType = wrapper.cfbundle; includeInIndex = 0; path = "CodePath pre-work CalTests.xctest"; sourceTree = BUILT_PRODUCTS_DIR; };
		56DD83EA25B134E1003B4984 /* CodePath_pre_work_CalTests.swift */ = {isa = PBXFileReference; lastKnownFileType = sourcecode.swift; path = CodePath_pre_work_CalTests.swift; sourceTree = "<group>"; };
		56DD83EC25B134E1003B4984 /* Info.plist */ = {isa = PBXFileReference; lastKnownFileType = text.plist.xml; path = Info.plist; sourceTree = "<group>"; };
		56DD83F125B134E1003B4984 /* CodePath pre-work CalUITests.xctest */ = {isa = PBXFileReference; explicitFileType = wrapper.cfbundle; includeInIndex = 0; path = "CodePath pre-work CalUITests.xctest"; sourceTree = BUILT_PRODUCTS_DIR; };
		56DD83F525B134E1003B4984 /* CodePath_pre_work_CalUITests.swift */ = {isa = PBXFileReference; lastKnownFileType = sourcecode.swift; path = CodePath_pre_work_CalUITests.swift; sourceTree = "<group>"; };
		56DD83F725B134E1003B4984 /* Info.plist */ = {isa = PBXFileReference; lastKnownFileType = text.plist.xml; path = Info.plist; sourceTree = "<group>"; };
/* End PBXFileReference section */

/* Begin PBXFrameworksBuildPhase section */
		56DD83CD25B134DE003B4984 /* Frameworks */ = {
			isa = PBXFrameworksBuildPhase;
			buildActionMask = 2147483647;
			files = (
			);
			runOnlyForDeploymentPostprocessing = 0;
		};
		56DD83E325B134E1003B4984 /* Frameworks */ = {
			isa = PBXFrameworksBuildPhase;
			buildActionMask = 2147483647;
			files = (
			);
			runOnlyForDeploymentPostprocessing = 0;
		};
		56DD83EE25B134E1003B4984 /* Frameworks */ = {
			isa = PBXFrameworksBuildPhase;
			buildActionMask = 2147483647;
			files = (
			);
			runOnlyForDeploymentPostprocessing = 0;
		};
/* End PBXFrameworksBuildPhase section */

/* Begin PBXGroup section */
		56DD83C725B134DE003B4984 = {
			isa = PBXGroup;
			children = (
				56DD83D225B134DE003B4984 /* CodePath pre-work Cal */,
				56DD83E925B134E1003B4984 /* CodePath pre-work CalTests */,
				56DD83F425B134E1003B4984 /* CodePath pre-work CalUITests */,
				56DD83D125B134DE003B4984 /* Products */,
			);
			sourceTree = "<group>";
		};
		56DD83D125B134DE003B4984 /* Products */ = {
			isa = PBXGroup;
			children = (
				56DD83D025B134DE003B4984 /* CodePath pre-work Cal.app */,
				56DD83E625B134E1003B4984 /* CodePath pre-work CalTests.xctest */,
				56DD83F125B134E1003B4984 /* CodePath pre-work CalUITests.xctest */,
			);
			name = Products;
			sourceTree = "<group>";
		};
		56DD83D225B134DE003B4984 /* CodePath pre-work Cal */ = {
			isa = PBXGroup;
			children = (
				56DD83D325B134DE003B4984 /* AppDelegate.swift */,
				56DD83D525B134DE003B4984 /* SceneDelegate.swift */,
				56DD83D725B134DE003B4984 /* ViewController.swift */,
				56DD83D925B134DE003B4984 /* Main.storyboard */,
				56DD83DC25B134E1003B4984 /* Assets.xcassets */,
				56DD83DE25B134E1003B4984 /* LaunchScreen.storyboard */,
				56DD83E125B134E1003B4984 /* Info.plist */,
			);
			path = "CodePath pre-work Cal";
			sourceTree = "<group>";
		};
		56DD83E925B134E1003B4984 /* CodePath pre-work CalTests */ = {
			isa = PBXGroup;
			children = (
				56DD83EA25B134E1003B4984 /* CodePath_pre_work_CalTests.swift */,
				56DD83EC25B134E1003B4984 /* Info.plist */,
			);
			path = "CodePath pre-work CalTests";
			sourceTree = "<group>";
		};
		56DD83F425B134E1003B4984 /* CodePath pre-work CalUITests */ = {
			isa = PBXGroup;
			children = (
				56DD83F525B134E1003B4984 /* CodePath_pre_work_CalUITests.swift */,
				56DD83F725B134E1003B4984 /* Info.plist */,
			);
			path = "CodePath pre-work CalUITests";
			sourceTree = "<group>";
		};
/* End PBXGroup section */

/* Begin PBXNativeTarget section */
		56DD83CF25B134DE003B4984 /* CodePath pre-work Cal */ = {
			isa = PBXNativeTarget;
			buildConfigurationList = 56DD83FA25B134E1003B4984 /* Build configuration list for PBXNativeTarget "CodePath pre-work Cal" */;
			buildPhases = (
				56DD83CC25B134DE003B4984 /* Sources */,
				56DD83CD25B134DE003B4984 /* Frameworks */,
				56DD83CE25B134DE003B4984 /* Resources */,
			);
			buildRules = (
			);
			dependencies = (
			);
			name = "CodePath pre-work Cal";
			productName = "CodePath pre-work Cal";
			productReference = 56DD83D025B134DE003B4984 /* CodePath pre-work Cal.app */;
			productType = "com.apple.product-type.application";
		};
		56DD83E525B134E1003B4984 /* CodePath pre-work CalTests */ = {
			isa = PBXNativeTarget;
			buildConfigurationList = 56DD83FD25B134E1003B4984 /* Build configuration list for PBXNativeTarget "CodePath pre-work CalTests" */;
			buildPhases = (
				56DD83E225B134E1003B4984 /* Sources */,
				56DD83E325B134E1003B4984 /* Frameworks */,
				56DD83E425B134E1003B4984 /* Resources */,
			);
			buildRules = (
			);
			dependencies = (
				56DD83E825B134E1003B4984 /* PBXTargetDependency */,
			);
			name = "CodePath pre-work CalTests";
			productName = "CodePath pre-work CalTests";
			productReference = 56DD83E625B134E1003B4984 /* CodePath pre-work CalTests.xctest */;
			productType = "com.apple.product-type.bundle.unit-test";
		};
		56DD83F025B134E1003B4984 /* CodePath pre-work CalUITests */ = {
			isa = PBXNativeTarget;
			buildConfigurationList = 56DD840025B134E1003B4984 /* Build configuration list for PBXNativeTarget "CodePath pre-work CalUITests" */;
			buildPhases = (
				56DD83ED25B134E1003B4984 /* Sources */,
				56DD83EE25B134E1003B4984 /* Frameworks */,
				56DD83EF25B134E1003B4984 /* Resources */,
			);
			buildRules = (
			);
			dependencies = (
				56DD83F325B134E1003B4984 /* PBXTargetDependency */,
			);
			name = "CodePath pre-work CalUITests";
			productName = "CodePath pre-work CalUITests";
			productReference = 56DD83F125B134E1003B4984 /* CodePath pre-work CalUITests.xctest */;
			productType = "com.apple.product-type.bundle.ui-testing";
		};
/* End PBXNativeTarget section */

/* Begin PBXProject section */
		56DD83C825B134DE003B4984 /* Project object */ = {
			isa = PBXProject;
			attributes = {
				LastSwiftUpdateCheck = 1230;
				LastUpgradeCheck = 1230;
				TargetAttributes = {
					56DD83CF25B134DE003B4984 = {
						CreatedOnToolsVersion = 12.3;
					};
					56DD83E525B134E1003B4984 = {
						CreatedOnToolsVersion = 12.3;
						TestTargetID = 56DD83CF25B134DE003B4984;
					};
					56DD83F025B134E1003B4984 = {
						CreatedOnToolsVersion = 12.3;
						TestTargetID = 56DD83CF25B134DE003B4984;
					};
				};
			};
			buildConfigurationList = 56DD83CB25B134DE003B4984 /* Build configuration list for PBXProject "CodePath pre-work Cal" */;
			compatibilityVersion = "Xcode 9.3";
			developmentRegion = en;
			hasScannedForEncodings = 0;
			knownRegions = (
				en,
				Base,
			);
			mainGroup = 56DD83C725B134DE003B4984;
			productRefGroup = 56DD83D125B134DE003B4984 /* Products */;
			projectDirPath = "";
			projectRoot = "";
			targets = (
				56DD83CF25B134DE003B4984 /* CodePath pre-work Cal */,
				56DD83E525B134E1003B4984 /* CodePath pre-work CalTests */,
				56DD83F025B134E1003B4984 /* CodePath pre-work CalUITests */,
			);
		};
/* End PBXProject section */

/* Begin PBXResourcesBuildPhase section */
		56DD83CE25B134DE003B4984 /* Resources */ = {
			isa = PBXResourcesBuildPhase;
			buildActionMask = 2147483647;
			files = (
				56DD83E025B134E1003B4984 /* LaunchScreen.storyboard in Resources */,
				56DD83DD25B134E1003B4984 /* Assets.xcassets in Resources */,
				56DD83DB25B134DE003B4984 /* Main.storyboard in Resources */,
			);
			runOnlyForDeploymentPostprocessing = 0;
		};
		56DD83E425B134E1003B4984 /* Resources */ = {
			isa = PBXResourcesBuildPhase;
			buildActionMask = 2147483647;
			files = (
			);
			runOnlyForDeploymentPostprocessing = 0;
		};
		56DD83EF25B134E1003B4984 /* Resources */ = {
			isa = PBXResourcesBuildPhase;
			buildActionMask = 2147483647;
			files = (
			);
			runOnlyForDeploymentPostprocessing = 0;
		};
/* End PBXResourcesBuildPhase section */

/* Begin PBXSourcesBuildPhase section */
		56DD83CC25B134DE003B4984 /* Sources */ = {
			isa = PBXSourcesBuildPhase;
			buildActionMask = 2147483647;
			files = (
				56DD83D825B134DE003B4984 /* ViewController.swift in Sources */,
				56DD83D425B134DE003B4984 /* AppDelegate.swift in Sources */,
				56DD83D625B134DE003B4984 /* SceneDelegate.swift in Sources */,
			);
			runOnlyForDeploymentPostprocessing = 0;
		};
		56DD83E225B134E1003B4984 /* Sources */ = {
			isa = PBXSourcesBuildPhase;
			buildActionMask = 2147483647;
			files = (
				56DD83EB25B134E1003B4984 /* CodePath_pre_work_CalTests.swift in Sources */,
			);
			runOnlyForDeploymentPostprocessing = 0;
		};
		56DD83ED25B134E1003B4984 /* Sources */ = {
			isa = PBXSourcesBuildPhase;
			buildActionMask = 2147483647;
			files = (
				56DD83F625B134E1003B4984 /* CodePath_pre_work_CalUITests.swift in Sources */,
			);
			runOnlyForDeploymentPostprocessing = 0;
		};
/* End PBXSourcesBuildPhase section */

/* Begin PBXTargetDependency section */
		56DD83E825B134E1003B4984 /* PBXTargetDependency */ = {
			isa = PBXTargetDependency;
			target = 56DD83CF25B134DE003B4984 /* CodePath pre-work Cal */;
			targetProxy = 56DD83E725B134E1003B4984 /* PBXContainerItemProxy */;
		};
		56DD83F325B134E1003B4984 /* PBXTargetDependency */ = {
			isa = PBXTargetDependency;
			target = 56DD83CF25B134DE003B4984 /* CodePath pre-work Cal */;
			targetProxy = 56DD83F225B134E1003B4984 /* PBXContainerItemProxy */;
		};
/* End PBXTargetDependency section */

/* Begin PBXVariantGroup section */
		56DD83D925B134DE003B4984 /* Main.storyboard */ = {
			isa = PBXVariantGroup;
			children = (
				56DD83DA25B134DE003B4984 /* Base */,
			);
			name = Main.storyboard;
			sourceTree = "<group>";
		};
		56DD83DE25B134E1003B4984 /* LaunchScreen.storyboard */ = {
			isa = PBXVariantGroup;
			children = (
				56DD83DF25B134E1003B4984 /* Base */,
			);
			name = LaunchScreen.storyboard;
			sourceTree = "<group>";
		};
/* End PBXVariantGroup section */

/* Begin XCBuildConfiguration section */
		56DD83F825B134E1003B4984 /* Debug */ = {
			isa = XCBuildConfiguration;
			buildSettings = {
				ALWAYS_SEARCH_USER_PATHS = NO;
				CLANG_ANALYZER_NONNULL = YES;
				CLANG_ANALYZER_NUMBER_OBJECT_CONVERSION = YES_AGGRESSIVE;
				CLANG_CXX_LANGUAGE_STANDARD = "gnu++14";
				CLANG_CXX_LIBRARY = "libc++";
				CLANG_ENABLE_MODULES = YES;
				CLANG_ENABLE_OBJC_ARC = YES;
				CLANG_ENABLE_OBJC_WEAK = YES;
				CLANG_WARN_BLOCK_CAPTURE_AUTORELEASING = YES;
				CLANG_WARN_BOOL_CONVERSION = YES;
				CLANG_WARN_COMMA = YES;
				CLANG_WARN_CONSTANT_CONVERSION = YES;
				CLANG_WARN_DEPRECATED_OBJC_IMPLEMENTATIONS = YES;
				CLANG_WARN_DIRECT_OBJC_ISA_USAGE = YES_ERROR;
				CLANG_WARN_DOCUMENTATION_COMMENTS = YES;
				CLANG_WARN_EMPTY_BODY = YES;
				CLANG_WARN_ENUM_CONVERSION = YES;
				CLANG_WARN_INFINITE_RECURSION = YES;
				CLANG_WARN_INT_CONVERSION = YES;
				CLANG_WARN_NON_LITERAL_NULL_CONVERSION = YES;
				CLANG_WARN_OBJC_IMPLICIT_RETAIN_SELF = YES;
				CLANG_WARN_OBJC_LITERAL_CONVERSION = YES;
				CLANG_WARN_OBJC_ROOT_CLASS = YES_ERROR;
				CLANG_WARN_QUOTED_INCLUDE_IN_FRAMEWORK_HEADER = YES;
				CLANG_WARN_RANGE_LOOP_ANALYSIS = YES;
				CLANG_WARN_STRICT_PROTOTYPES = YES;
				CLANG_WARN_SUSPICIOUS_MOVE = YES;
				CLANG_WARN_UNGUARDED_AVAILABILITY = YES_AGGRESSIVE;
				CLANG_WARN_UNREACHABLE_CODE = YES;
				CLANG_WARN__DUPLICATE_METHOD_MATCH = YES;
				COPY_PHASE_STRIP = NO;
				DEBUG_INFORMATION_FORMAT = dwarf;
				ENABLE_STRICT_OBJC_MSGSEND = YES;
				ENABLE_TESTABILITY = YES;
				GCC_C_LANGUAGE_STANDARD = gnu11;
				GCC_DYNAMIC_NO_PIC = NO;
				GCC_NO_COMMON_BLOCKS = YES;
				GCC_OPTIMIZATION_LEVEL = 0;
				GCC_PREPROCESSOR_DEFINITIONS = (
					"DEBUG=1",
					"$(inherited)",
				);
				GCC_WARN_64_TO_32_BIT_CONVERSION = YES;
				GCC_WARN_ABOUT_RETURN_TYPE = YES_ERROR;
				GCC_WARN_UNDECLARED_SELECTOR = YES;
				GCC_WARN_UNINITIALIZED_AUTOS = YES_AGGRESSIVE;
				GCC_WARN_UNUSED_FUNCTION = YES;
				GCC_WARN_UNUSED_VARIABLE = YES;
				IPHONEOS_DEPLOYMENT_TARGET = 14.3;
				MTL_ENABLE_DEBUG_INFO = INCLUDE_SOURCE;
				MTL_FAST_MATH = YES;
				ONLY_ACTIVE_ARCH = YES;
				SDKROOT = iphoneos;
				SWIFT_ACTIVE_COMPILATION_CONDITIONS = DEBUG;
				SWIFT_OPTIMIZATION_LEVEL = "-Onone";
			};
			name = Debug;
		};
		56DD83F925B134E1003B4984 /* Release */ = {
			isa = XCBuildConfiguration;
			buildSettings = {
				ALWAYS_SEARCH_USER_PATHS = NO;
				CLANG_ANALYZER_NONNULL = YES;
				CLANG_ANALYZER_NUMBER_OBJECT_CONVERSION = YES_AGGRESSIVE;
				CLANG_CXX_LANGUAGE_STANDARD = "gnu++14";
				CLANG_CXX_LIBRARY = "libc++";
				CLANG_ENABLE_MODULES = YES;
				CLANG_ENABLE_OBJC_ARC = YES;
				CLANG_ENABLE_OBJC_WEAK = YES;
				CLANG_WARN_BLOCK_CAPTURE_AUTORELEASING = YES;
				CLANG_WARN_BOOL_CONVERSION = YES;
				CLANG_WARN_COMMA = YES;
				CLANG_WARN_CONSTANT_CONVERSION = YES;
				CLANG_WARN_DEPRECATED_OBJC_IMPLEMENTATIONS = YES;
				CLANG_WARN_DIRECT_OBJC_ISA_USAGE = YES_ERROR;
				CLANG_WARN_DOCUMENTATION_COMMENTS = YES;
				CLANG_WARN_EMPTY_BODY = YES;
				CLANG_WARN_ENUM_CONVERSION = YES;
				CLANG_WARN_INFINITE_RECURSION = YES;
				CLANG_WARN_INT_CONVERSION = YES;
				CLANG_WARN_NON_LITERAL_NULL_CONVERSION = YES;
				CLANG_WARN_OBJC_IMPLICIT_RETAIN_SELF = YES;
				CLANG_WARN_OBJC_LITERAL_CONVERSION = YES;
				CLANG_WARN_OBJC_ROOT_CLASS = YES_ERROR;
				CLANG_WARN_QUOTED_INCLUDE_IN_FRAMEWORK_HEADER = YES;
				CLANG_WARN_RANGE_LOOP_ANALYSIS = YES;
				CLANG_WARN_STRICT_PROTOTYPES = YES;
				CLANG_WARN_SUSPICIOUS_MOVE = YES;
				CLANG_WARN_UNGUARDED_AVAILABILITY = YES_AGGRESSIVE;
				CLANG_WARN_UNREACHABLE_CODE = YES;
				CLANG_WARN__DUPLICATE_METHOD_MATCH = YES;
				COPY_PHASE_STRIP = NO;
				DEBUG_INFORMATION_FORMAT = "dwarf-with-dsym";
				ENABLE_NS_ASSERTIONS = NO;
				ENABLE_STRICT_OBJC_MSGSEND = YES;
				GCC_C_LANGUAGE_STANDARD = gnu11;
				GCC_NO_COMMON_BLOCKS = YES;
				GCC_WARN_64_TO_32_BIT_CONVERSION = YES;
				GCC_WARN_ABOUT_RETURN_TYPE = YES_ERROR;
				GCC_WARN_UNDECLARED_SELECTOR = YES;
				GCC_WARN_UNINITIALIZED_AUTOS = YES_AGGRESSIVE;
				GCC_WARN_UNUSED_FUNCTION = YES;
				GCC_WARN_UNUSED_VARIABLE = YES;
				IPHONEOS_DEPLOYMENT_TARGET = 14.3;
				MTL_ENABLE_DEBUG_INFO = NO;
				MTL_FAST_MATH = YES;
				SDKROOT = iphoneos;
				SWIFT_COMPILATION_MODE = wholemodule;
				SWIFT_OPTIMIZATION_LEVEL = "-O";
				VALIDATE_PRODUCT = YES;
			};
			name = Release;
		};
		56DD83FB25B134E1003B4984 /* Debug */ = {
			isa = XCBuildConfiguration;
			buildSettings = {
				ASSETCATALOG_COMPILER_APPICON_NAME = AppIcon;
				ASSETCATALOG_COMPILER_GLOBAL_ACCENT_COLOR_NAME = AccentColor;
				CODE_SIGN_STYLE = Automatic;
				DEVELOPMENT_TEAM = 897365QDRT;
				INFOPLIST_FILE = "CodePath pre-work Cal/Info.plist";
				LD_RUNPATH_SEARCH_PATHS = (
					"$(inherited)",
					"@executable_path/Frameworks",
				);
				PRODUCT_BUNDLE_IDENTIFIER = "C--.CodePath-pre-work-Cal";
				PRODUCT_NAME = "$(TARGET_NAME)";
				SWIFT_VERSION = 5.0;
				TARGETED_DEVICE_FAMILY = "1,2";
			};
			name = Debug;
		};
		56DD83FC25B134E1003B4984 /* Release */ = {
			isa = XCBuildConfiguration;
			buildSettings = {
				ASSETCATALOG_COMPILER_APPICON_NAME = AppIcon;
				ASSETCATALOG_COMPILER_GLOBAL_ACCENT_COLOR_NAME = AccentColor;
				CODE_SIGN_STYLE = Automatic;
				DEVELOPMENT_TEAM = 897365QDRT;
				INFOPLIST_FILE = "CodePath pre-work Cal/Info.plist";
				LD_RUNPATH_SEARCH_PATHS = (
					"$(inherited)",
					"@executable_path/Frameworks",
				);
				PRODUCT_BUNDLE_IDENTIFIER = "C--.CodePath-pre-work-Cal";
				PRODUCT_NAME = "$(TARGET_NAME)";
				SWIFT_VERSION = 5.0;
				TARGETED_DEVICE_FAMILY = "1,2";
			};
			name = Release;
		};
		56DD83FE25B134E1003B4984 /* Debug */ = {
			isa = XCBuildConfiguration;
			buildSettings = {
				ALWAYS_EMBED_SWIFT_STANDARD_LIBRARIES = YES;
				BUNDLE_LOADER = "$(TEST_HOST)";
				CODE_SIGN_STYLE = Automatic;
				DEVELOPMENT_TEAM = 897365QDRT;
				INFOPLIST_FILE = "CodePath pre-work CalTests/Info.plist";
				IPHONEOS_DEPLOYMENT_TARGET = 14.3;
				LD_RUNPATH_SEARCH_PATHS = (
					"$(inherited)",
					"@executable_path/Frameworks",
					"@loader_path/Frameworks",
				);
				PRODUCT_BUNDLE_IDENTIFIER = "C--.CodePath-pre-work-CalTests";
				PRODUCT_NAME = "$(TARGET_NAME)";
				SWIFT_VERSION = 5.0;
				TARGETED_DEVICE_FAMILY = "1,2";
				TEST_HOST = "$(BUILT_PRODUCTS_DIR)/CodePath pre-work Cal.app/CodePath pre-work Cal";
			};
			name = Debug;
		};
		56DD83FF25B134E1003B4984 /* Release */ = {
			isa = XCBuildConfiguration;
			buildSettings = {
				ALWAYS_EMBED_SWIFT_STANDARD_LIBRARIES = YES;
				BUNDLE_LOADER = "$(TEST_HOST)";
				CODE_SIGN_STYLE = Automatic;
				DEVELOPMENT_TEAM = 897365QDRT;
				INFOPLIST_FILE = "CodePath pre-work CalTests/Info.plist";
				IPHONEOS_DEPLOYMENT_TARGET = 14.3;
				LD_RUNPATH_SEARCH_PATHS = (
					"$(inherited)",
					"@executable_path/Frameworks",
					"@loader_path/Frameworks",
				);
				PRODUCT_BUNDLE_IDENTIFIER = "C--.CodePath-pre-work-CalTests";
				PRODUCT_NAME = "$(TARGET_NAME)";
				SWIFT_VERSION = 5.0;
				TARGETED_DEVICE_FAMILY = "1,2";
				TEST_HOST = "$(BUILT_PRODUCTS_DIR)/CodePath pre-work Cal.app/CodePath pre-work Cal";
			};
			name = Release;
		};
		56DD840125B134E1003B4984 /* Debug */ = {
			isa = XCBuildConfiguration;
			buildSettings = {
				ALWAYS_EMBED_SWIFT_STANDARD_LIBRARIES = YES;
				CODE_SIGN_STYLE = Automatic;
				DEVELOPMENT_TEAM = 897365QDRT;
				INFOPLIST_FILE = "CodePath pre-work CalUITests/Info.plist";
				LD_RUNPATH_SEARCH_PATHS = (
					"$(inherited)",
					"@executable_path/Frameworks",
					"@loader_path/Frameworks",
				);
				PRODUCT_BUNDLE_IDENTIFIER = "C--.CodePath-pre-work-CalUITests";
				PRODUCT_NAME = "$(TARGET_NAME)";
				SWIFT_VERSION = 5.0;
				TARGETED_DEVICE_FAMILY = "1,2";
				TEST_TARGET_NAME = "CodePath pre-work Cal";
			};
			name = Debug;
		};
		56DD840225B134E1003B4984 /* Release */ = {
			isa = XCBuildConfiguration;
			buildSettings = {
				ALWAYS_EMBED_SWIFT_STANDARD_LIBRARIES = YES;
				CODE_SIGN_STYLE = Automatic;
				DEVELOPMENT_TEAM = 897365QDRT;
				INFOPLIST_FILE = "CodePath pre-work CalUITests/Info.plist";
				LD_RUNPATH_SEARCH_PATHS = (
					"$(inherited)",
					"@executable_path/Frameworks",
					"@loader_path/Frameworks",
				);
				PRODUCT_BUNDLE_IDENTIFIER = "C--.CodePath-pre-work-CalUITests";
				PRODUCT_NAME = "$(TARGET_NAME)";
				SWIFT_VERSION = 5.0;
				TARGETED_DEVICE_FAMILY = "1,2";
				TEST_TARGET_NAME = "CodePath pre-work Cal";
			};
			name = Release;
		};
/* End XCBuildConfiguration section */

/* Begin XCConfigurationList section */
		56DD83CB25B134DE003B4984 /* Build configuration list for PBXProject "CodePath pre-work Cal" */ = {
			isa = XCConfigurationList;
			buildConfigurations = (
				56DD83F825B134E1003B4984 /* Debug */,
				56DD83F925B134E1003B4984 /* Release */,
			);
			defaultConfigurationIsVisible = 0;
			defaultConfigurationName = Release;
		};
		56DD83FA25B134E1003B4984 /* Build configuration list for PBXNativeTarget "CodePath pre-work Cal" */ = {
			isa = XCConfigurationList;
			buildConfigurations = (
				56DD83FB25B134E1003B4984 /* Debug */,
				56DD83FC25B134E1003B4984 /* Release */,
			);
			defaultConfigurationIsVisible = 0;
			defaultConfigurationName = Release;
		};
		56DD83FD25B134E1003B4984 /* Build configuration list for PBXNativeTarget "CodePath pre-work CalTests" */ = {
			isa = XCConfigurationList;
			buildConfigurations = (
				56DD83FE25B134E1003B4984 /* Debug */,
				56DD83FF25B134E1003B4984 /* Release */,
			);
			defaultConfigurationIsVisible = 0;
			defaultConfigurationName = Release;
		};
		56DD840025B134E1003B4984 /* Build configuration list for PBXNativeTarget "CodePath pre-work CalUITests" */ = {
			isa = XCConfigurationList;
			buildConfigurations = (
				56DD840125B134E1003B4984 /* Debug */,
				56DD840225B134E1003B4984 /* Release */,
			);
			defaultConfigurationIsVisible = 0;
			defaultConfigurationName = Release;
		};
/* End XCConfigurationList section */
	};
	rootObject = 56DD83C825B134DE003B4984 /* Project object */;
}
